# This file is automatically @generated by Cargo.
# It is not intended for manual editing.
version = 4

[[package]]
name = "closures_and_iterators"
version = "0.1.0"
dependencies = [
 "hello_macro",
]

[[package]]
name = "enums_and_match"
version = "0.1.0"

[[package]]
name = "hello_macro"
version = "0.1.0"
